
Microsoft Visual Studio Solution File, Format Version 12.00
# Visual Studio 15
VisualStudioVersion = 15.0.26430.14
MinimumVisualStudioVersion = 10.0.40219.1
Project("{FAE04EC0-301F-11D3-BF4B-00C04F79EFBC}") = "KodiAndroid", "KodiAndroid\KodiAndroid.csproj", "{FEC8C4A6-C595-42B3-A1EE-8919B3B4CF62}"
EndProject
Global
	GlobalSection(SolutionConfigurationPlatforms) = preSolution
		Debug|Any CPU = Debug|Any CPU
		Release|Any CPU = Release|Any CPU
	EndGlobalSection
	GlobalSection(ProjectConfigurationPlatforms) = postSolution
		{FEC8C4A6-C595-42B3-A1EE-8919B3B4CF62}.Debug|Any CPU.ActiveCfg = Debug|Any CPU
		{FEC8C4A6-C595-42B3-A1EE-8919B3B4CF62}.Debug|Any CPU.Build.0 = Debug|Any CPU
		{FEC8C4A6-C595-42B3-A1EE-8919B3B4CF62}.Debug|Any CPU.Deploy.0 = Debug|Any CPU
		{FEC8C4A6-C595-42B3-A1EE-8919B3B4CF62}.Release|Any CPU.ActiveCfg = Release|Any CPU
		{FEC8C4A6-C595-42B3-A1EE-8919B3B4CF62}.Release|Any CPU.Build.0 = Release|Any CPU
		{FEC8C4A6-C595-42B3-A1EE-8919B3B4CF62}.Release|Any CPU.Deploy.0 = Release|Any CPU
	EndGlobalSection
	GlobalSection(SolutionProperties) = preSolution
		HideSolutionNode = FALSE
	EndGlobalSection
EndGlobal
